
Microsoft Visual Studio Solution File, Format Version 12.00
# Visual Studio Version 17
VisualStudioVersion = 17.9.34616.47
MinimumVisualStudioVersion = 10.0.40219.1
Project("{9A19103F-16F7-4668-BE54-9A1E7A4F7556}") = "TurtleGraphics", "TurtleGraphics.csproj", "{6906C7A9-A6D6-4275-B582-9973F442CAF8}"
EndProject
Project("{9A19103F-16F7-4668-BE54-9A1E7A4F7556}") = "TurtleGraphics.Tests", "..\TurtleGraphics.Tests\TurtleGraphics.Tests.csproj", "{13A4CB14-FE90-47A7-91B1-65B8F860BF24}"
EndProject
Global
	GlobalSection(SolutionConfigurationPlatforms) = preSolution
		Debug|Any CPU = Debug|Any CPU
		Release|Any CPU = Release|Any CPU
	EndGlobalSection
	GlobalSection(ProjectConfigurationPlatforms) = postSolution
		{6906C7A9-A6D6-4275-B582-9973F442CAF8}.Debug|Any CPU.ActiveCfg = Debug|Any CPU
		{6906C7A9-A6D6-4275-B582-9973F442CAF8}.Debug|Any CPU.Build.0 = Debug|Any CPU
		{6906C7A9-A6D6-4275-B582-9973F442CAF8}.Release|Any CPU.ActiveCfg = Release|Any CPU
		{6906C7A9-A6D6-4275-B582-9973F442CAF8}.Release|Any CPU.Build.0 = Release|Any CPU
		{13A4CB14-FE90-47A7-91B1-65B8F860BF24}.Debug|Any CPU.ActiveCfg = Debug|Any CPU
		{13A4CB14-FE90-47A7-91B1-65B8F860BF24}.Debug|Any CPU.Build.0 = Debug|Any CPU
		{13A4CB14-FE90-47A7-91B1-65B8F860BF24}.Release|Any CPU.ActiveCfg = Release|Any CPU
		{13A4CB14-FE90-47A7-91B1-65B8F860BF24}.Release|Any CPU.Build.0 = Release|Any CPU
	EndGlobalSection
	GlobalSection(SolutionProperties) = preSolution
		HideSolutionNode = FALSE
	EndGlobalSection
	GlobalSection(ExtensibilityGlobals) = postSolution
		SolutionGuid = {F6215946-1C99-40C6-BC01-0D3F4CE481D7}
	EndGlobalSection
EndGlobal
